
Microsoft Visual Studio Solution File, Format Version 12.00
# Visual Studio Version 16
VisualStudioVersion = 16.0.31702.278
MinimumVisualStudioVersion = 10.0.40219.1
Project("{9A19103F-16F7-4668-BE54-9A1E7A4F7556}") = "FitnessAuthServer.API", "FitnessAuthServer.API\FitnessAuthServer.API.csproj", "{CC9E7A4D-AEF6-4268-AEB8-5ED0F2F1CD9C}"
EndProject
Project("{9A19103F-16F7-4668-BE54-9A1E7A4F7556}") = "SharedLibrary", "SharedLibrary\SharedLibrary.csproj", "{437F4E18-5ED2-4392-8A5F-5C7402255D62}"
EndProject
Project("{9A19103F-16F7-4668-BE54-9A1E7A4F7556}") = "FitnessAuthServer.Data", "FitnessAuthServer.Data\FitnessAuthServer.Data.csproj", "{005E1711-381C-4770-BB57-65FD23CFF8C8}"
EndProject
Project("{9A19103F-16F7-4668-BE54-9A1E7A4F7556}") = "FitnessAuthSever.Core", "FitnessAuthSever.Core\FitnessAuthSever.Core.csproj", "{117C73DC-720E-44A4-9C14-317991C419C9}"
EndProject
Project("{9A19103F-16F7-4668-BE54-9A1E7A4F7556}") = "FitnessAuthServer.Service", "FitnessAuthServer.Service\FitnessAuthServer.Service.csproj", "{DB52CC85-FA4E-4F48-9D82-288909B11DB1}"
EndProject
Global
	GlobalSection(SolutionConfigurationPlatforms) = preSolution
		Debug|Any CPU = Debug|Any CPU
		Release|Any CPU = Release|Any CPU
	EndGlobalSection
	GlobalSection(ProjectConfigurationPlatforms) = postSolution
		{CC9E7A4D-AEF6-4268-AEB8-5ED0F2F1CD9C}.Debug|Any CPU.ActiveCfg = Debug|Any CPU
		{CC9E7A4D-AEF6-4268-AEB8-5ED0F2F1CD9C}.Debug|Any CPU.Build.0 = Debug|Any CPU
		{CC9E7A4D-AEF6-4268-AEB8-5ED0F2F1CD9C}.Release|Any CPU.ActiveCfg = Release|Any CPU
		{CC9E7A4D-AEF6-4268-AEB8-5ED0F2F1CD9C}.Release|Any CPU.Build.0 = Release|Any CPU
		{437F4E18-5ED2-4392-8A5F-5C7402255D62}.Debug|Any CPU.ActiveCfg = Debug|Any CPU
		{437F4E18-5ED2-4392-8A5F-5C7402255D62}.Debug|Any CPU.Build.0 = Debug|Any CPU
		{437F4E18-5ED2-4392-8A5F-5C7402255D62}.Release|Any CPU.ActiveCfg = Release|Any CPU
		{437F4E18-5ED2-4392-8A5F-5C7402255D62}.Release|Any CPU.Build.0 = Release|Any CPU
		{005E1711-381C-4770-BB57-65FD23CFF8C8}.Debug|Any CPU.ActiveCfg = Debug|Any CPU
		{005E1711-381C-4770-BB57-65FD23CFF8C8}.Debug|Any CPU.Build.0 = Debug|Any CPU
		{005E1711-381C-4770-BB57-65FD23CFF8C8}.Release|Any CPU.ActiveCfg = Release|Any CPU
		{005E1711-381C-4770-BB57-65FD23CFF8C8}.Release|Any CPU.Build.0 = Release|Any CPU
		{117C73DC-720E-44A4-9C14-317991C419C9}.Debug|Any CPU.ActiveCfg = Debug|Any CPU
		{117C73DC-720E-44A4-9C14-317991C419C9}.Debug|Any CPU.Build.0 = Debug|Any CPU
		{117C73DC-720E-44A4-9C14-317991C419C9}.Release|Any CPU.ActiveCfg = Release|Any CPU
		{117C73DC-720E-44A4-9C14-317991C419C9}.Release|Any CPU.Build.0 = Release|Any CPU
		{DB52CC85-FA4E-4F48-9D82-288909B11DB1}.Debug|Any CPU.ActiveCfg = Debug|Any CPU
		{DB52CC85-FA4E-4F48-9D82-288909B11DB1}.Debug|Any CPU.Build.0 = Debug|Any CPU
		{DB52CC85-FA4E-4F48-9D82-288909B11DB1}.Release|Any CPU.ActiveCfg = Release|Any CPU
		{DB52CC85-FA4E-4F48-9D82-288909B11DB1}.Release|Any CPU.Build.0 = Release|Any CPU
	EndGlobalSection
	GlobalSection(SolutionProperties) = preSolution
		HideSolutionNode = FALSE
	EndGlobalSection
	GlobalSection(ExtensibilityGlobals) = postSolution
		SolutionGuid = {2C36648F-7973-48C2-90FD-BB7A2B843A4E}
	EndGlobalSection
EndGlobal
